{
    "_readme": [
        "This file locks the dependencies of your project to a known state",
        "Read more about it at https://getcomposer.org/doc/01-basic-usage.md#composer-lock-the-lock-file",
        "This file is @generated automatically"
    ],
    "hash": "97ee7e2e05e76264a6fded26c50101d4",
    "content-hash": "1947298bccffb17d698d1a0b70170f23",
    "packages": [
        {
            "name": "longmsdu/jsonRpc",
            "version": "dev-dev",
            "source": {
                "type": "git",
                "url": "https://github.com/longmsdu/jsonRpc.git",
                "reference": "4fe9ca494fc90e15ac317926dcd3713b9c83eb61"
            },
            "dist": {
                "type": "zip",
                "url": "https://api.github.com/repos/longmsdu/jsonRpc/zipball/4fe9ca494fc90e15ac317926dcd3713b9c83eb61",
                "reference": "4fe9ca494fc90e15ac317926dcd3713b9c83eb61",
                "shasum": ""
            },
            "type": "library",
            "autoload": {
                "psr-4": {
                    "Rpc\\": "src/"
                }
            },
            "license": [
                "MIT"
            ],
            "authors": [
                {
                    "name": "longmsdu",
                    "email": "longmsdu@163.com"
                }
            ],
            "description": "simple rpc base on http",
            "support": {
                "source": "https://github.com/longmsdu/jsonRpc/tree/dev",
                "issues": "https://github.com/longmsdu/jsonRpc/issues"
            },
            "time": "2016-08-16 01:07:12"
        }
    ],
    "packages-dev": [],
    "aliases": [],
    "minimum-stability": "dev",
    "stability-flags": {
        "longmsdu/jsonrpc": 20
    },
    "prefer-stable": true,
    "prefer-lowest": false,
    "platform": [],
    "platform-dev": []
}
