{
    "_readme": [
        "This file locks the dependencies of your project to a known state",
        "Read more about it at https://getcomposer.org/doc/01-basic-usage.md#composer-lock-the-lock-file",
        "This file is @generated automatically"
    ],
    "hash": "ef9ec58f1c40c523657e768f09aea45f",
    "content-hash": "716f96aee79d2c89a9747e38fc8bba8f",
    "packages": [
        {
            "name": "longmsdu/jsonRpc",
            "version": "dev-master",
            "source": {
                "type": "git",
                "url": "https://github.com/longmsdu/jsonRpc.git",
                "reference": "4cf9c8cbaf42c32f503229b5f6f3dc07e640c4c2"
            },
            "dist": {
                "type": "zip",
                "url": "https://api.github.com/repos/longmsdu/jsonRpc/zipball/4cf9c8cbaf42c32f503229b5f6f3dc07e640c4c2",
                "reference": "4cf9c8cbaf42c32f503229b5f6f3dc07e640c4c2",
                "shasum": ""
            },
            "type": "library",
            "autoload": {
                "psr-4": {
                    "Rpc\\": "src/"
                }
            },
            "license": [
                "MIT"
            ],
            "authors": [
                {
                    "name": "longmsdu",
                    "email": "longmsdu@163.com"
                }
            ],
            "description": "simple rpc base on http",
            "support": {
                "source": "https://github.com/longmsdu/jsonRpc/tree/master",
                "issues": "https://github.com/longmsdu/jsonRpc/issues"
            },
            "time": "2016-07-24 09:57:56"
        }
    ],
    "packages-dev": [],
    "aliases": [],
    "minimum-stability": "dev",
    "stability-flags": [],
    "prefer-stable": true,
    "prefer-lowest": false,
    "platform": [],
    "platform-dev": []
}
